
Microsoft Visual Studio Solution File, Format Version 12.00
# Visual Studio Version 16
VisualStudioVersion = 16.0.30907.101
MinimumVisualStudioVersion = 10.0.40219.1
Project("{FAE04EC0-301F-11D3-BF4B-00C04F79EFBC}") = "POIApp", "POIApp\POIApp.csproj", "{904561C9-CDFF-4F18-B412-9AD6CCFD6EF0}"
EndProject
Global
	GlobalSection(SolutionConfigurationPlatforms) = preSolution
		Debug|Any CPU = Debug|Any CPU
		Release|Any CPU = Release|Any CPU
	EndGlobalSection
	GlobalSection(ProjectConfigurationPlatforms) = postSolution
		{904561C9-CDFF-4F18-B412-9AD6CCFD6EF0}.Debug|Any CPU.ActiveCfg = Debug|Any CPU
		{904561C9-CDFF-4F18-B412-9AD6CCFD6EF0}.Debug|Any CPU.Build.0 = Debug|Any CPU
		{904561C9-CDFF-4F18-B412-9AD6CCFD6EF0}.Debug|Any CPU.Deploy.0 = Debug|Any CPU
		{904561C9-CDFF-4F18-B412-9AD6CCFD6EF0}.Release|Any CPU.ActiveCfg = Release|Any CPU
		{904561C9-CDFF-4F18-B412-9AD6CCFD6EF0}.Release|Any CPU.Build.0 = Release|Any CPU
		{904561C9-CDFF-4F18-B412-9AD6CCFD6EF0}.Release|Any CPU.Deploy.0 = Release|Any CPU
	EndGlobalSection
	GlobalSection(SolutionProperties) = preSolution
		HideSolutionNode = FALSE
	EndGlobalSection
	GlobalSection(ExtensibilityGlobals) = postSolution
		SolutionGuid = {E990D96D-6ACF-4CB0-9101-9AD46441D226}
	EndGlobalSection
EndGlobal
